
Microsoft Visual Studio Solution File, Format Version 12.00
# Visual Studio Version 17
VisualStudioVersion = 17.8.0.0
MinimumVisualStudioVersion = 17.8.0.0
Project("{9A19103F-16F7-4668-BE54-9A1E7A4F7556}") = "DevNexus.AppHost", "DevNexus.AppHost\DevNexus.AppHost.csproj", "{9C0B498C-D5B5-4198-B54B-E2301BE66A84}"
EndProject
Project("{9A19103F-16F7-4668-BE54-9A1E7A4F7556}") = "DevNexus.ServiceDefaults", "DevNexus.ServiceDefaults\DevNexus.ServiceDefaults.csproj", "{51F58C52-A4E5-464A-A7F8-DCDDBC2D31ED}"
EndProject
Project("{FAE04EC0-301F-11D3-BF4B-00C04F79EFBC}") = "DevNexus.ApiService", "DevNexus.ApiService\DevNexus.ApiService.csproj", "{35A699FF-08ED-4BD6-8125-64677B7A0950}"
EndProject
Project("{2150E333-8FDC-42A3-9474-1A3956D46DE8}") = "DevNexus.Web", "DevNexus.Web", "{3AE83756-88F2-5D58-E5F2-05D698791794}"
EndProject
Project("{FAE04EC0-301F-11D3-BF4B-00C04F79EFBC}") = "DevNexus.Web", "DevNexus.Web\DevNexus.Web\DevNexus.Web.csproj", "{4929D0EE-A1E2-4348-8450-EE31F9323C51}"
EndProject
Project("{FAE04EC0-301F-11D3-BF4B-00C04F79EFBC}") = "DevNexus.Web.Client", "DevNexus.Web\DevNexus.Web.Client\DevNexus.Web.Client.csproj", "{33F73714-509A-49C9-8270-ECE16AAEFDB6}"
EndProject
Global
	GlobalSection(SolutionConfigurationPlatforms) = preSolution
		Debug|Any CPU = Debug|Any CPU
		Debug|x64 = Debug|x64
		Debug|x86 = Debug|x86
		Release|Any CPU = Release|Any CPU
		Release|x64 = Release|x64
		Release|x86 = Release|x86
	EndGlobalSection
	GlobalSection(ProjectConfigurationPlatforms) = postSolution
		{9C0B498C-D5B5-4198-B54B-E2301BE66A84}.Debug|Any CPU.ActiveCfg = Debug|Any CPU
		{9C0B498C-D5B5-4198-B54B-E2301BE66A84}.Debug|Any CPU.Build.0 = Debug|Any CPU
		{9C0B498C-D5B5-4198-B54B-E2301BE66A84}.Debug|x64.ActiveCfg = Debug|Any CPU
		{9C0B498C-D5B5-4198-B54B-E2301BE66A84}.Debug|x64.Build.0 = Debug|Any CPU
		{9C0B498C-D5B5-4198-B54B-E2301BE66A84}.Debug|x86.ActiveCfg = Debug|Any CPU
		{9C0B498C-D5B5-4198-B54B-E2301BE66A84}.Debug|x86.Build.0 = Debug|Any CPU
		{9C0B498C-D5B5-4198-B54B-E2301BE66A84}.Release|Any CPU.ActiveCfg = Release|Any CPU
		{9C0B498C-D5B5-4198-B54B-E2301BE66A84}.Release|Any CPU.Build.0 = Release|Any CPU
		{9C0B498C-D5B5-4198-B54B-E2301BE66A84}.Release|x64.ActiveCfg = Release|Any CPU
		{9C0B498C-D5B5-4198-B54B-E2301BE66A84}.Release|x64.Build.0 = Release|Any CPU
		{9C0B498C-D5B5-4198-B54B-E2301BE66A84}.Release|x86.ActiveCfg = Release|Any CPU
		{9C0B498C-D5B5-4198-B54B-E2301BE66A84}.Release|x86.Build.0 = Release|Any CPU
		{51F58C52-A4E5-464A-A7F8-DCDDBC2D31ED}.Debug|Any CPU.ActiveCfg = Debug|Any CPU
		{51F58C52-A4E5-464A-A7F8-DCDDBC2D31ED}.Debug|Any CPU.Build.0 = Debug|Any CPU
		{51F58C52-A4E5-464A-A7F8-DCDDBC2D31ED}.Debug|x64.ActiveCfg = Debug|Any CPU
		{51F58C52-A4E5-464A-A7F8-DCDDBC2D31ED}.Debug|x64.Build.0 = Debug|Any CPU
		{51F58C52-A4E5-464A-A7F8-DCDDBC2D31ED}.Debug|x86.ActiveCfg = Debug|Any CPU
		{51F58C52-A4E5-464A-A7F8-DCDDBC2D31ED}.Debug|x86.Build.0 = Debug|Any CPU
		{51F58C52-A4E5-464A-A7F8-DCDDBC2D31ED}.Release|Any CPU.ActiveCfg = Release|Any CPU
		{51F58C52-A4E5-464A-A7F8-DCDDBC2D31ED}.Release|Any CPU.Build.0 = Release|Any CPU
		{51F58C52-A4E5-464A-A7F8-DCDDBC2D31ED}.Release|x64.ActiveCfg = Release|Any CPU
		{51F58C52-A4E5-464A-A7F8-DCDDBC2D31ED}.Release|x64.Build.0 = Release|Any CPU
		{51F58C52-A4E5-464A-A7F8-DCDDBC2D31ED}.Release|x86.ActiveCfg = Release|Any CPU
		{51F58C52-A4E5-464A-A7F8-DCDDBC2D31ED}.Release|x86.Build.0 = Release|Any CPU
		{35A699FF-08ED-4BD6-8125-64677B7A0950}.Debug|Any CPU.ActiveCfg = Debug|Any CPU
		{35A699FF-08ED-4BD6-8125-64677B7A0950}.Debug|Any CPU.Build.0 = Debug|Any CPU
		{35A699FF-08ED-4BD6-8125-64677B7A0950}.Debug|x64.ActiveCfg = Debug|Any CPU
		{35A699FF-08ED-4BD6-8125-64677B7A0950}.Debug|x64.Build.0 = Debug|Any CPU
		{35A699FF-08ED-4BD6-8125-64677B7A0950}.Debug|x86.ActiveCfg = Debug|Any CPU
		{35A699FF-08ED-4BD6-8125-64677B7A0950}.Debug|x86.Build.0 = Debug|Any CPU
		{35A699FF-08ED-4BD6-8125-64677B7A0950}.Release|Any CPU.ActiveCfg = Release|Any CPU
		{35A699FF-08ED-4BD6-8125-64677B7A0950}.Release|Any CPU.Build.0 = Release|Any CPU
		{35A699FF-08ED-4BD6-8125-64677B7A0950}.Release|x64.ActiveCfg = Release|Any CPU
		{35A699FF-08ED-4BD6-8125-64677B7A0950}.Release|x64.Build.0 = Release|Any CPU
		{35A699FF-08ED-4BD6-8125-64677B7A0950}.Release|x86.ActiveCfg = Release|Any CPU
		{35A699FF-08ED-4BD6-8125-64677B7A0950}.Release|x86.Build.0 = Release|Any CPU
		{4929D0EE-A1E2-4348-8450-EE31F9323C51}.Debug|Any CPU.ActiveCfg = Debug|Any CPU
		{4929D0EE-A1E2-4348-8450-EE31F9323C51}.Debug|Any CPU.Build.0 = Debug|Any CPU
		{4929D0EE-A1E2-4348-8450-EE31F9323C51}.Debug|x64.ActiveCfg = Debug|Any CPU
		{4929D0EE-A1E2-4348-8450-EE31F9323C51}.Debug|x64.Build.0 = Debug|Any CPU
		{4929D0EE-A1E2-4348-8450-EE31F9323C51}.Debug|x86.ActiveCfg = Debug|Any CPU
		{4929D0EE-A1E2-4348-8450-EE31F9323C51}.Debug|x86.Build.0 = Debug|Any CPU
		{4929D0EE-A1E2-4348-8450-EE31F9323C51}.Release|Any CPU.ActiveCfg = Release|Any CPU
		{4929D0EE-A1E2-4348-8450-EE31F9323C51}.Release|Any CPU.Build.0 = Release|Any CPU
		{4929D0EE-A1E2-4348-8450-EE31F9323C51}.Release|x64.ActiveCfg = Release|Any CPU
		{4929D0EE-A1E2-4348-8450-EE31F9323C51}.Release|x64.Build.0 = Release|Any CPU
		{4929D0EE-A1E2-4348-8450-EE31F9323C51}.Release|x86.ActiveCfg = Release|Any CPU
		{4929D0EE-A1E2-4348-8450-EE31F9323C51}.Release|x86.Build.0 = Release|Any CPU
		{33F73714-509A-49C9-8270-ECE16AAEFDB6}.Debug|Any CPU.ActiveCfg = Debug|Any CPU
		{33F73714-509A-49C9-8270-ECE16AAEFDB6}.Debug|Any CPU.Build.0 = Debug|Any CPU
		{33F73714-509A-49C9-8270-ECE16AAEFDB6}.Debug|x64.ActiveCfg = Debug|Any CPU
		{33F73714-509A-49C9-8270-ECE16AAEFDB6}.Debug|x64.Build.0 = Debug|Any CPU
		{33F73714-509A-49C9-8270-ECE16AAEFDB6}.Debug|x86.ActiveCfg = Debug|Any CPU
		{33F73714-509A-49C9-8270-ECE16AAEFDB6}.Debug|x86.Build.0 = Debug|Any CPU
		{33F73714-509A-49C9-8270-ECE16AAEFDB6}.Release|Any CPU.ActiveCfg = Release|Any CPU
		{33F73714-509A-49C9-8270-ECE16AAEFDB6}.Release|Any CPU.Build.0 = Release|Any CPU
		{33F73714-509A-49C9-8270-ECE16AAEFDB6}.Release|x64.ActiveCfg = Release|Any CPU
		{33F73714-509A-49C9-8270-ECE16AAEFDB6}.Release|x64.Build.0 = Release|Any CPU
		{33F73714-509A-49C9-8270-ECE16AAEFDB6}.Release|x86.ActiveCfg = Release|Any CPU
		{33F73714-509A-49C9-8270-ECE16AAEFDB6}.Release|x86.Build.0 = Release|Any CPU
	EndGlobalSection
	GlobalSection(SolutionProperties) = preSolution
		HideSolutionNode = FALSE
	EndGlobalSection
	GlobalSection(NestedProjects) = preSolution
		{4929D0EE-A1E2-4348-8450-EE31F9323C51} = {3AE83756-88F2-5D58-E5F2-05D698791794}
		{33F73714-509A-49C9-8270-ECE16AAEFDB6} = {3AE83756-88F2-5D58-E5F2-05D698791794}
	EndGlobalSection
	GlobalSection(ExtensibilityGlobals) = postSolution
		SolutionGuid = {9FE04DFB-FAB4-472A-8F8B-DD0CF348C1C3}
	EndGlobalSection
EndGlobal
